
Microsoft Visual Studio Solution File, Format Version 12.00
# Visual Studio Version 17
Project("{8BC9CEB8-8B4A-11D0-8D11-00A0C91BC942}") = "ALL_BUILD", "ALL_BUILD.vcxproj", "{C6C9D59A-7AE3-3D8A-BE85-13AFC614FAC6}"
	ProjectSection(ProjectDependencies) = postProject
		{4945FC9C-955A-3568-B671-A695C56EAE17} = {4945FC9C-955A-3568-B671-A695C56EAE17}
		{E092BF03-3842-348A-8663-1FA3E24B1C6D} = {E092BF03-3842-348A-8663-1FA3E24B1C6D}
		{23F30F1D-501B-31CC-AFC0-CA7C9AB3A040} = {23F30F1D-501B-31CC-AFC0-CA7C9AB3A040}
		{D67F37B0-3892-35DA-97B9-7A860A21F990} = {D67F37B0-3892-35DA-97B9-7A860A21F990}
		{D89F7E2C-439F-384E-A5B6-9676B02B52B8} = {D89F7E2C-439F-384E-A5B6-9676B02B52B8}
		{8011836A-9C15-371A-BCA5-401417E8A958} = {8011836A-9C15-371A-BCA5-401417E8A958}
		{403AE14C-1CF8-3C5A-93C6-D5E1F4DBECD8} = {403AE14C-1CF8-3C5A-93C6-D5E1F4DBECD8}
	EndProjectSection
EndProject
Project("{8BC9CEB8-8B4A-11D0-8D11-00A0C91BC942}") = "INSTALL", "INSTALL.vcxproj", "{D7D40AB7-67BD-3257-824B-A0B49A8BECCE}"
	ProjectSection(ProjectDependencies) = postProject
		{C6C9D59A-7AE3-3D8A-BE85-13AFC614FAC6} = {C6C9D59A-7AE3-3D8A-BE85-13AFC614FAC6}
		{4945FC9C-955A-3568-B671-A695C56EAE17} = {4945FC9C-955A-3568-B671-A695C56EAE17}
	EndProjectSection
EndProject
Project("{8BC9CEB8-8B4A-11D0-8D11-00A0C91BC942}") = "RUN_TESTS", "RUN_TESTS.vcxproj", "{1F879534-7E96-3ECB-B57F-74DED05C938C}"
	ProjectSection(ProjectDependencies) = postProject
		{4945FC9C-955A-3568-B671-A695C56EAE17} = {4945FC9C-955A-3568-B671-A695C56EAE17}
	EndProjectSection
EndProject
Project("{8BC9CEB8-8B4A-11D0-8D11-00A0C91BC942}") = "ZERO_CHECK", "ZERO_CHECK.vcxproj", "{4945FC9C-955A-3568-B671-A695C56EAE17}"
	ProjectSection(ProjectDependencies) = postProject
	EndProjectSection
EndProject
Project("{8BC9CEB8-8B4A-11D0-8D11-00A0C91BC942}") = "gmock", "_deps\gtest-build\googlemock\gmock.vcxproj", "{E092BF03-3842-348A-8663-1FA3E24B1C6D}"
	ProjectSection(ProjectDependencies) = postProject
		{4945FC9C-955A-3568-B671-A695C56EAE17} = {4945FC9C-955A-3568-B671-A695C56EAE17}
	EndProjectSection
EndProject
Project("{8BC9CEB8-8B4A-11D0-8D11-00A0C91BC942}") = "gmock_main", "_deps\gtest-build\googlemock\gmock_main.vcxproj", "{23F30F1D-501B-31CC-AFC0-CA7C9AB3A040}"
	ProjectSection(ProjectDependencies) = postProject
		{4945FC9C-955A-3568-B671-A695C56EAE17} = {4945FC9C-955A-3568-B671-A695C56EAE17}
	EndProjectSection
EndProject
Project("{8BC9CEB8-8B4A-11D0-8D11-00A0C91BC942}") = "gtest", "_deps\gtest-build\googletest\gtest.vcxproj", "{D67F37B0-3892-35DA-97B9-7A860A21F990}"
	ProjectSection(ProjectDependencies) = postProject
		{4945FC9C-955A-3568-B671-A695C56EAE17} = {4945FC9C-955A-3568-B671-A695C56EAE17}
	EndProjectSection
EndProject
Project("{8BC9CEB8-8B4A-11D0-8D11-00A0C91BC942}") = "gtest_main", "_deps\gtest-build\googletest\gtest_main.vcxproj", "{D89F7E2C-439F-384E-A5B6-9676B02B52B8}"
	ProjectSection(ProjectDependencies) = postProject
		{4945FC9C-955A-3568-B671-A695C56EAE17} = {4945FC9C-955A-3568-B671-A695C56EAE17}
		{D67F37B0-3892-35DA-97B9-7A860A21F990} = {D67F37B0-3892-35DA-97B9-7A860A21F990}
	EndProjectSection
EndProject
Project("{8BC9CEB8-8B4A-11D0-8D11-00A0C91BC942}") = "hello_world", "hello_world.vcxproj", "{8011836A-9C15-371A-BCA5-401417E8A958}"
	ProjectSection(ProjectDependencies) = postProject
		{4945FC9C-955A-3568-B671-A695C56EAE17} = {4945FC9C-955A-3568-B671-A695C56EAE17}
	EndProjectSection
EndProject
Project("{8BC9CEB8-8B4A-11D0-8D11-00A0C91BC942}") = "unit_tests", "unit_tests.vcxproj", "{403AE14C-1CF8-3C5A-93C6-D5E1F4DBECD8}"
	ProjectSection(ProjectDependencies) = postProject
		{4945FC9C-955A-3568-B671-A695C56EAE17} = {4945FC9C-955A-3568-B671-A695C56EAE17}
		{D67F37B0-3892-35DA-97B9-7A860A21F990} = {D67F37B0-3892-35DA-97B9-7A860A21F990}
		{D89F7E2C-439F-384E-A5B6-9676B02B52B8} = {D89F7E2C-439F-384E-A5B6-9676B02B52B8}
	EndProjectSection
EndProject
Global
	GlobalSection(SolutionConfigurationPlatforms) = preSolution
		Debug|x64 = Debug|x64
		Release|x64 = Release|x64
		MinSizeRel|x64 = MinSizeRel|x64
		RelWithDebInfo|x64 = RelWithDebInfo|x64
	EndGlobalSection
	GlobalSection(ProjectConfigurationPlatforms) = postSolution
		{C6C9D59A-7AE3-3D8A-BE85-13AFC614FAC6}.Debug|x64.ActiveCfg = Debug|x64
		{C6C9D59A-7AE3-3D8A-BE85-13AFC614FAC6}.Debug|x64.Build.0 = Debug|x64
		{C6C9D59A-7AE3-3D8A-BE85-13AFC614FAC6}.Release|x64.ActiveCfg = Release|x64
		{C6C9D59A-7AE3-3D8A-BE85-13AFC614FAC6}.Release|x64.Build.0 = Release|x64
		{C6C9D59A-7AE3-3D8A-BE85-13AFC614FAC6}.MinSizeRel|x64.ActiveCfg = MinSizeRel|x64
		{C6C9D59A-7AE3-3D8A-BE85-13AFC614FAC6}.MinSizeRel|x64.Build.0 = MinSizeRel|x64
		{C6C9D59A-7AE3-3D8A-BE85-13AFC614FAC6}.RelWithDebInfo|x64.ActiveCfg = RelWithDebInfo|x64
		{C6C9D59A-7AE3-3D8A-BE85-13AFC614FAC6}.RelWithDebInfo|x64.Build.0 = RelWithDebInfo|x64
		{D7D40AB7-67BD-3257-824B-A0B49A8BECCE}.Debug|x64.ActiveCfg = Debug|x64
		{D7D40AB7-67BD-3257-824B-A0B49A8BECCE}.Release|x64.ActiveCfg = Release|x64
		{D7D40AB7-67BD-3257-824B-A0B49A8BECCE}.MinSizeRel|x64.ActiveCfg = MinSizeRel|x64
		{D7D40AB7-67BD-3257-824B-A0B49A8BECCE}.RelWithDebInfo|x64.ActiveCfg = RelWithDebInfo|x64
		{1F879534-7E96-3ECB-B57F-74DED05C938C}.Debug|x64.ActiveCfg = Debug|x64
		{1F879534-7E96-3ECB-B57F-74DED05C938C}.Release|x64.ActiveCfg = Release|x64
		{1F879534-7E96-3ECB-B57F-74DED05C938C}.MinSizeRel|x64.ActiveCfg = MinSizeRel|x64
		{1F879534-7E96-3ECB-B57F-74DED05C938C}.RelWithDebInfo|x64.ActiveCfg = RelWithDebInfo|x64
		{4945FC9C-955A-3568-B671-A695C56EAE17}.Debug|x64.ActiveCfg = Debug|x64
		{4945FC9C-955A-3568-B671-A695C56EAE17}.Debug|x64.Build.0 = Debug|x64
		{4945FC9C-955A-3568-B671-A695C56EAE17}.Release|x64.ActiveCfg = Release|x64
		{4945FC9C-955A-3568-B671-A695C56EAE17}.Release|x64.Build.0 = Release|x64
		{4945FC9C-955A-3568-B671-A695C56EAE17}.MinSizeRel|x64.ActiveCfg = MinSizeRel|x64
		{4945FC9C-955A-3568-B671-A695C56EAE17}.MinSizeRel|x64.Build.0 = MinSizeRel|x64
		{4945FC9C-955A-3568-B671-A695C56EAE17}.RelWithDebInfo|x64.ActiveCfg = RelWithDebInfo|x64
		{4945FC9C-955A-3568-B671-A695C56EAE17}.RelWithDebInfo|x64.Build.0 = RelWithDebInfo|x64
		{E092BF03-3842-348A-8663-1FA3E24B1C6D}.Debug|x64.ActiveCfg = Debug|x64
		{E092BF03-3842-348A-8663-1FA3E24B1C6D}.Debug|x64.Build.0 = Debug|x64
		{E092BF03-3842-348A-8663-1FA3E24B1C6D}.Release|x64.ActiveCfg = Release|x64
		{E092BF03-3842-348A-8663-1FA3E24B1C6D}.Release|x64.Build.0 = Release|x64
		{E092BF03-3842-348A-8663-1FA3E24B1C6D}.MinSizeRel|x64.ActiveCfg = MinSizeRel|x64
		{E092BF03-3842-348A-8663-1FA3E24B1C6D}.MinSizeRel|x64.Build.0 = MinSizeRel|x64
		{E092BF03-3842-348A-8663-1FA3E24B1C6D}.RelWithDebInfo|x64.ActiveCfg = RelWithDebInfo|x64
		{E092BF03-3842-348A-8663-1FA3E24B1C6D}.RelWithDebInfo|x64.Build.0 = RelWithDebInfo|x64
		{23F30F1D-501B-31CC-AFC0-CA7C9AB3A040}.Debug|x64.ActiveCfg = Debug|x64
		{23F30F1D-501B-31CC-AFC0-CA7C9AB3A040}.Debug|x64.Build.0 = Debug|x64
		{23F30F1D-501B-31CC-AFC0-CA7C9AB3A040}.Release|x64.ActiveCfg = Release|x64
		{23F30F1D-501B-31CC-AFC0-CA7C9AB3A040}.Release|x64.Build.0 = Release|x64
		{23F30F1D-501B-31CC-AFC0-CA7C9AB3A040}.MinSizeRel|x64.ActiveCfg = MinSizeRel|x64
		{23F30F1D-501B-31CC-AFC0-CA7C9AB3A040}.MinSizeRel|x64.Build.0 = MinSizeRel|x64
		{23F30F1D-501B-31CC-AFC0-CA7C9AB3A040}.RelWithDebInfo|x64.ActiveCfg = RelWithDebInfo|x64
		{23F30F1D-501B-31CC-AFC0-CA7C9AB3A040}.RelWithDebInfo|x64.Build.0 = RelWithDebInfo|x64
		{D67F37B0-3892-35DA-97B9-7A860A21F990}.Debug|x64.ActiveCfg = Debug|x64
		{D67F37B0-3892-35DA-97B9-7A860A21F990}.Debug|x64.Build.0 = Debug|x64
		{D67F37B0-3892-35DA-97B9-7A860A21F990}.Release|x64.ActiveCfg = Release|x64
		{D67F37B0-3892-35DA-97B9-7A860A21F990}.Release|x64.Build.0 = Release|x64
		{D67F37B0-3892-35DA-97B9-7A860A21F990}.MinSizeRel|x64.ActiveCfg = MinSizeRel|x64
		{D67F37B0-3892-35DA-97B9-7A860A21F990}.MinSizeRel|x64.Build.0 = MinSizeRel|x64
		{D67F37B0-3892-35DA-97B9-7A860A21F990}.RelWithDebInfo|x64.ActiveCfg = RelWithDebInfo|x64
		{D67F37B0-3892-35DA-97B9-7A860A21F990}.RelWithDebInfo|x64.Build.0 = RelWithDebInfo|x64
		{D89F7E2C-439F-384E-A5B6-9676B02B52B8}.Debug|x64.ActiveCfg = Debug|x64
		{D89F7E2C-439F-384E-A5B6-9676B02B52B8}.Debug|x64.Build.0 = Debug|x64
		{D89F7E2C-439F-384E-A5B6-9676B02B52B8}.Release|x64.ActiveCfg = Release|x64
		{D89F7E2C-439F-384E-A5B6-9676B02B52B8}.Release|x64.Build.0 = Release|x64
		{D89F7E2C-439F-384E-A5B6-9676B02B52B8}.MinSizeRel|x64.ActiveCfg = MinSizeRel|x64
		{D89F7E2C-439F-384E-A5B6-9676B02B52B8}.MinSizeRel|x64.Build.0 = MinSizeRel|x64
		{D89F7E2C-439F-384E-A5B6-9676B02B52B8}.RelWithDebInfo|x64.ActiveCfg = RelWithDebInfo|x64
		{D89F7E2C-439F-384E-A5B6-9676B02B52B8}.RelWithDebInfo|x64.Build.0 = RelWithDebInfo|x64
		{8011836A-9C15-371A-BCA5-401417E8A958}.Debug|x64.ActiveCfg = Debug|x64
		{8011836A-9C15-371A-BCA5-401417E8A958}.Debug|x64.Build.0 = Debug|x64
		{8011836A-9C15-371A-BCA5-401417E8A958}.Release|x64.ActiveCfg = Release|x64
		{8011836A-9C15-371A-BCA5-401417E8A958}.Release|x64.Build.0 = Release|x64
		{8011836A-9C15-371A-BCA5-401417E8A958}.MinSizeRel|x64.ActiveCfg = MinSizeRel|x64
		{8011836A-9C15-371A-BCA5-401417E8A958}.MinSizeRel|x64.Build.0 = MinSizeRel|x64
		{8011836A-9C15-371A-BCA5-401417E8A958}.RelWithDebInfo|x64.ActiveCfg = RelWithDebInfo|x64
		{8011836A-9C15-371A-BCA5-401417E8A958}.RelWithDebInfo|x64.Build.0 = RelWithDebInfo|x64
		{403AE14C-1CF8-3C5A-93C6-D5E1F4DBECD8}.Debug|x64.ActiveCfg = Debug|x64
		{403AE14C-1CF8-3C5A-93C6-D5E1F4DBECD8}.Debug|x64.Build.0 = Debug|x64
		{403AE14C-1CF8-3C5A-93C6-D5E1F4DBECD8}.Release|x64.ActiveCfg = Release|x64
		{403AE14C-1CF8-3C5A-93C6-D5E1F4DBECD8}.Release|x64.Build.0 = Release|x64
		{403AE14C-1CF8-3C5A-93C6-D5E1F4DBECD8}.MinSizeRel|x64.ActiveCfg = MinSizeRel|x64
		{403AE14C-1CF8-3C5A-93C6-D5E1F4DBECD8}.MinSizeRel|x64.Build.0 = MinSizeRel|x64
		{403AE14C-1CF8-3C5A-93C6-D5E1F4DBECD8}.RelWithDebInfo|x64.ActiveCfg = RelWithDebInfo|x64
		{403AE14C-1CF8-3C5A-93C6-D5E1F4DBECD8}.RelWithDebInfo|x64.Build.0 = RelWithDebInfo|x64
	EndGlobalSection
	GlobalSection(ExtensibilityGlobals) = postSolution
		SolutionGuid = {2C708E14-2EF0-3C03-89B9-3E108753C8A0}
	EndGlobalSection
	GlobalSection(ExtensibilityAddIns) = postSolution
	EndGlobalSection
EndGlobal
